
Microsoft Visual Studio Solution File, Format Version 12.00
# Visual Studio Version 17
VisualStudioVersion = 17.0.31912.275
MinimumVisualStudioVersion = 10.0.40219.1
Project("{FAE04EC0-301F-11D3-BF4B-00C04F79EFBC}") = "text_redactor", "text_redactor.csproj", "{1D721FF3-E889-4A4A-9F1F-E6D46AB608D7}"
EndProject
Global
	GlobalSection(SolutionConfigurationPlatforms) = preSolution
		Debug|Any CPU = Debug|Any CPU
		Release|Any CPU = Release|Any CPU
	EndGlobalSection
	GlobalSection(ProjectConfigurationPlatforms) = postSolution
		{1D721FF3-E889-4A4A-9F1F-E6D46AB608D7}.Debug|Any CPU.ActiveCfg = Debug|Any CPU
		{1D721FF3-E889-4A4A-9F1F-E6D46AB608D7}.Debug|Any CPU.Build.0 = Debug|Any CPU
		{1D721FF3-E889-4A4A-9F1F-E6D46AB608D7}.Release|Any CPU.ActiveCfg = Release|Any CPU
		{1D721FF3-E889-4A4A-9F1F-E6D46AB608D7}.Release|Any CPU.Build.0 = Release|Any CPU
	EndGlobalSection
	GlobalSection(SolutionProperties) = preSolution
		HideSolutionNode = FALSE
	EndGlobalSection
	GlobalSection(ExtensibilityGlobals) = postSolution
		SolutionGuid = {DCAB2596-345E-43B7-B382-D61C24186AFF}
	EndGlobalSection
EndGlobal
